
Microsoft Visual Studio Solution File, Format Version 12.00
# Visual Studio 15
VisualStudioVersion = 15.0.28307.1525
MinimumVisualStudioVersion = 10.0.40219.1
Project("{8BC9CEB8-8B4A-11D0-8D11-00A0C91BC942}") = "2884_alarm", "2884_alarm.vcxproj", "{E517179E-B319-436A-9F4F-A5A6702E085D}"
EndProject
Global
	GlobalSection(SolutionConfigurationPlatforms) = preSolution
		Debug|x64 = Debug|x64
		Debug|x86 = Debug|x86
		Release|x64 = Release|x64
		Release|x86 = Release|x86
	EndGlobalSection
	GlobalSection(ProjectConfigurationPlatforms) = postSolution
		{E517179E-B319-436A-9F4F-A5A6702E085D}.Debug|x64.ActiveCfg = Debug|x64
		{E517179E-B319-436A-9F4F-A5A6702E085D}.Debug|x64.Build.0 = Debug|x64
		{E517179E-B319-436A-9F4F-A5A6702E085D}.Debug|x86.ActiveCfg = Debug|Win32
		{E517179E-B319-436A-9F4F-A5A6702E085D}.Debug|x86.Build.0 = Debug|Win32
		{E517179E-B319-436A-9F4F-A5A6702E085D}.Release|x64.ActiveCfg = Release|x64
		{E517179E-B319-436A-9F4F-A5A6702E085D}.Release|x64.Build.0 = Release|x64
		{E517179E-B319-436A-9F4F-A5A6702E085D}.Release|x86.ActiveCfg = Release|Win32
		{E517179E-B319-436A-9F4F-A5A6702E085D}.Release|x86.Build.0 = Release|Win32
	EndGlobalSection
	GlobalSection(SolutionProperties) = preSolution
		HideSolutionNode = FALSE
	EndGlobalSection
	GlobalSection(ExtensibilityGlobals) = postSolution
		SolutionGuid = {DB48D64D-A450-499A-BBCA-569EE6716B86}
	EndGlobalSection
EndGlobal
