
Microsoft Visual Studio Solution File, Format Version 12.00
# Visual Studio 15
VisualStudioVersion = 15.0.28307.1525
MinimumVisualStudioVersion = 10.0.40219.1
Project("{8BC9CEB8-8B4A-11D0-8D11-00A0C91BC942}") = "1000", "1000.vcxproj", "{21C571AD-81C9-4017-ABF6-1C9092B29180}"
EndProject
Global
	GlobalSection(SolutionConfigurationPlatforms) = preSolution
		Debug|x64 = Debug|x64
		Debug|x86 = Debug|x86
		Release|x64 = Release|x64
		Release|x86 = Release|x86
	EndGlobalSection
	GlobalSection(ProjectConfigurationPlatforms) = postSolution
		{21C571AD-81C9-4017-ABF6-1C9092B29180}.Debug|x64.ActiveCfg = Debug|x64
		{21C571AD-81C9-4017-ABF6-1C9092B29180}.Debug|x64.Build.0 = Debug|x64
		{21C571AD-81C9-4017-ABF6-1C9092B29180}.Debug|x86.ActiveCfg = Debug|Win32
		{21C571AD-81C9-4017-ABF6-1C9092B29180}.Debug|x86.Build.0 = Debug|Win32
		{21C571AD-81C9-4017-ABF6-1C9092B29180}.Release|x64.ActiveCfg = Release|x64
		{21C571AD-81C9-4017-ABF6-1C9092B29180}.Release|x64.Build.0 = Release|x64
		{21C571AD-81C9-4017-ABF6-1C9092B29180}.Release|x86.ActiveCfg = Release|Win32
		{21C571AD-81C9-4017-ABF6-1C9092B29180}.Release|x86.Build.0 = Release|Win32
	EndGlobalSection
	GlobalSection(SolutionProperties) = preSolution
		HideSolutionNode = FALSE
	EndGlobalSection
	GlobalSection(ExtensibilityGlobals) = postSolution
		SolutionGuid = {5AA0123E-177A-4AEA-8721-7E5B61CF7618}
	EndGlobalSection
EndGlobal
