
Microsoft Visual Studio Solution File, Format Version 12.00
# Visual Studio 15
VisualStudioVersion = 15.0.28307.1525
MinimumVisualStudioVersion = 10.0.40219.1
Project("{8BC9CEB8-8B4A-11D0-8D11-00A0C91BC942}") = "10171", "10171.vcxproj", "{BEAF3B7C-A405-461C-8A3C-1AF698279941}"
EndProject
Global
	GlobalSection(SolutionConfigurationPlatforms) = preSolution
		Debug|x64 = Debug|x64
		Debug|x86 = Debug|x86
		Release|x64 = Release|x64
		Release|x86 = Release|x86
	EndGlobalSection
	GlobalSection(ProjectConfigurationPlatforms) = postSolution
		{BEAF3B7C-A405-461C-8A3C-1AF698279941}.Debug|x64.ActiveCfg = Debug|x64
		{BEAF3B7C-A405-461C-8A3C-1AF698279941}.Debug|x64.Build.0 = Debug|x64
		{BEAF3B7C-A405-461C-8A3C-1AF698279941}.Debug|x86.ActiveCfg = Debug|Win32
		{BEAF3B7C-A405-461C-8A3C-1AF698279941}.Debug|x86.Build.0 = Debug|Win32
		{BEAF3B7C-A405-461C-8A3C-1AF698279941}.Release|x64.ActiveCfg = Release|x64
		{BEAF3B7C-A405-461C-8A3C-1AF698279941}.Release|x64.Build.0 = Release|x64
		{BEAF3B7C-A405-461C-8A3C-1AF698279941}.Release|x86.ActiveCfg = Release|Win32
		{BEAF3B7C-A405-461C-8A3C-1AF698279941}.Release|x86.Build.0 = Release|Win32
	EndGlobalSection
	GlobalSection(SolutionProperties) = preSolution
		HideSolutionNode = FALSE
	EndGlobalSection
	GlobalSection(ExtensibilityGlobals) = postSolution
		SolutionGuid = {93ACE762-2DC4-44FF-8219-EC771CE87721}
	EndGlobalSection
EndGlobal
